lockfileVersion: '9.0'

settings:
  autoInstallPeers: true
  excludeLinksFromLockfile: false

importers:

  .:
    dependencies:
      '@neondatabase/serverless':
        specifier: ^1.1.0
        version: 1.1.0
      csv-parse:
        specifier: ^6.2.1
        version: 6.2.1
      postgres:
        specifier: ^3.4.9
        version: 3.4.9

packages:

  '@neondatabase/serverless@1.1.0':
    resolution: {integrity: sha512-r3ZZhRjEcfEdKIZnoB1RusNgvHuaBRqfCzV4Gi+5A9yUX0S4HTws/ASWqt13wL4y4I+0rqsWGdA2w7EQXHi3+Q==}
    engines: {node: '>=19.0.0'}

  csv-parse@6.2.1:
    resolution: {integrity: sha512-LRLMV+UCyfMokp8Wb411duBf1gaBKJfOfBWU9eHMJ+b+cJYZsNu3AFmjJf3+yPGd59Exz1TsMjaSFyxnYB9+IQ==}

  postgres@3.4.9:
    resolution: {integrity: sha512-GD3qdB0x1z9xgFI6cdRD6xu2Sp2WCOEoe3mtnyB5Ee0XrrL5Pe+e4CCnJrRMnL1zYtRDZmQQVbvOttLnKDLnaw==}
    engines: {node: '>=12'}

snapshots:

  '@neondatabase/serverless@1.1.0': {}

  csv-parse@6.2.1: {}

  postgres@3.4.9: {}
